{
  "name": "scriptable_stock",
  "version": "1.0.0",
  "lockfileVersion": 1,
  "requires": true,
  "dependencies": {
    "@scriptable-ios/eslint-config": {
      "version": "1.5.1",
      "resolved": "https://registry.npmjs.org/@scriptable-ios/eslint-config/-/eslint-config-1.5.1.tgz",
      "integrity": "sha512-5ca3Vg/SXKao1eow84F0Vb7WM30m046axBlwcnnF1fg9axr1n0a63pKlQUrK+cVjyJR42YUW3Zk6a6rwn771Sw==",
      "dev": true
    },
    "@types/scriptable-ios": {
      "version": "1.6.1",
      "resolved": "https://registry.npmjs.org/@types/scriptable-ios/-/scriptable-ios-1.6.1.tgz",
      "integrity": "sha512-xLI4XozeUrHmo78mWW9Zi5XnUiIvp7VcKTHJriVZ0WiyogGlYarAgvCmCWmNcS9/SGNBKNnHxfW+nwv6I5QCZw==",
      "dev": true
    }
  }
}
